
Microsoft Visual Studio Solution File, Format Version 12.00
# Visual Studio 15
VisualStudioVersion = 15.0.26124.0
MinimumVisualStudioVersion = 15.0.26124.0
Project("{FAE04EC0-301F-11D3-BF4B-00C04F79EFBC}") = "Ex1", "Ex1\Ex1.csproj", "{97259585-75CA-400B-9C3A-F19881457BEE}"
EndProject
Project("{FAE04EC0-301F-11D3-BF4B-00C04F79EFBC}") = "Ex1.Tests", "Ex1.Tests\Ex1.Tests.csproj", "{B8684CE1-D6F3-4E17-B704-4BAF6131FB37}"
EndProject
Project("{FAE04EC0-301F-11D3-BF4B-00C04F79EFBC}") = "Ex2WithXml", "Ex2WithXml\Ex2WithXml.csproj", "{5DF7F58A-A728-4D64-A28C-00492AFF7743}"
EndProject
Project("{FAE04EC0-301F-11D3-BF4B-00C04F79EFBC}") = "Ex2WithXml.Tests", "Ex2WithXml.Tests\Ex2WithXml.Tests.csproj", "{F0EFD994-D54A-40DC-80C1-7C50B290172F}"
EndProject
Project("{FAE04EC0-301F-11D3-BF4B-00C04F79EFBC}") = "Ex3", "Ex3\Ex3.csproj", "{901F299B-7C93-4813-9563-51C337C0E0D9}"
EndProject
Project("{FAE04EC0-301F-11D3-BF4B-00C04F79EFBC}") = "Ex3.Tests", "Ex3.Tests\Ex3.Tests.csproj", "{C909A515-76B2-440C-9851-6D6E2283E636}"
EndProject
Project("{FAE04EC0-301F-11D3-BF4B-00C04F79EFBC}") = "Ex4", "Ex4\Ex4.csproj", "{7EBBC8D1-67AE-4F4F-8129-EE7416F467B8}"
EndProject
Project("{FAE04EC0-301F-11D3-BF4B-00C04F79EFBC}") = "Ex4.Tests", "Ex4.Tests\Ex4.Tests.csproj", "{EB9B888D-7B2B-4A9C-9C0A-2C8A45AC6562}"
EndProject
Project("{FAE04EC0-301F-11D3-BF4B-00C04F79EFBC}") = "Ex5", "Ex5\Ex5.csproj", "{9A99560B-D1EC-49FF-88C8-E5C8A4656053}"
EndProject
Project("{FAE04EC0-301F-11D3-BF4B-00C04F79EFBC}") = "Ex5.Tests", "Ex5.Tests\Ex5.Tests.csproj", "{8149F250-F0AE-45D2-A93C-433CB4A380D9}"
EndProject
Project("{FAE04EC0-301F-11D3-BF4B-00C04F79EFBC}") = "Ex6", "Ex6\Ex6.csproj", "{CB8C4CC2-E51F-4330-A9DE-ABBE509CA3DB}"
EndProject
Project("{FAE04EC0-301F-11D3-BF4B-00C04F79EFBC}") = "Ex6.Tests", "Ex6.Tests\Ex6.Tests.csproj", "{EACE0215-8D33-40B0-AA0A-F4F3A9DA2628}"
EndProject
Global
	GlobalSection(SolutionConfigurationPlatforms) = preSolution
		Debug|Any CPU = Debug|Any CPU
		Debug|x64 = Debug|x64
		Debug|x86 = Debug|x86
		Release|Any CPU = Release|Any CPU
		Release|x64 = Release|x64
		Release|x86 = Release|x86
	EndGlobalSection
	GlobalSection(SolutionProperties) = preSolution
		HideSolutionNode = FALSE
	EndGlobalSection
	GlobalSection(ProjectConfigurationPlatforms) = postSolution
		{97259585-75CA-400B-9C3A-F19881457BEE}.Debug|Any CPU.ActiveCfg = Debug|Any CPU
		{97259585-75CA-400B-9C3A-F19881457BEE}.Debug|Any CPU.Build.0 = Debug|Any CPU
		{97259585-75CA-400B-9C3A-F19881457BEE}.Debug|x64.ActiveCfg = Debug|Any CPU
		{97259585-75CA-400B-9C3A-F19881457BEE}.Debug|x64.Build.0 = Debug|Any CPU
		{97259585-75CA-400B-9C3A-F19881457BEE}.Debug|x86.ActiveCfg = Debug|Any CPU
		{97259585-75CA-400B-9C3A-F19881457BEE}.Debug|x86.Build.0 = Debug|Any CPU
		{97259585-75CA-400B-9C3A-F19881457BEE}.Release|Any CPU.ActiveCfg = Release|Any CPU
		{97259585-75CA-400B-9C3A-F19881457BEE}.Release|Any CPU.Build.0 = Release|Any CPU
		{97259585-75CA-400B-9C3A-F19881457BEE}.Release|x64.ActiveCfg = Release|Any CPU
		{97259585-75CA-400B-9C3A-F19881457BEE}.Release|x64.Build.0 = Release|Any CPU
		{97259585-75CA-400B-9C3A-F19881457BEE}.Release|x86.ActiveCfg = Release|Any CPU
		{97259585-75CA-400B-9C3A-F19881457BEE}.Release|x86.Build.0 = Release|Any CPU
		{B8684CE1-D6F3-4E17-B704-4BAF6131FB37}.Debug|Any CPU.ActiveCfg = Debug|Any CPU
		{B8684CE1-D6F3-4E17-B704-4BAF6131FB37}.Debug|Any CPU.Build.0 = Debug|Any CPU
		{B8684CE1-D6F3-4E17-B704-4BAF6131FB37}.Debug|x64.ActiveCfg = Debug|Any CPU
		{B8684CE1-D6F3-4E17-B704-4BAF6131FB37}.Debug|x64.Build.0 = Debug|Any CPU
		{B8684CE1-D6F3-4E17-B704-4BAF6131FB37}.Debug|x86.ActiveCfg = Debug|Any CPU
		{B8684CE1-D6F3-4E17-B704-4BAF6131FB37}.Debug|x86.Build.0 = Debug|Any CPU
		{B8684CE1-D6F3-4E17-B704-4BAF6131FB37}.Release|Any CPU.ActiveCfg = Release|Any CPU
		{B8684CE1-D6F3-4E17-B704-4BAF6131FB37}.Release|Any CPU.Build.0 = Release|Any CPU
		{B8684CE1-D6F3-4E17-B704-4BAF6131FB37}.Release|x64.ActiveCfg = Release|Any CPU
		{B8684CE1-D6F3-4E17-B704-4BAF6131FB37}.Release|x64.Build.0 = Release|Any CPU
		{B8684CE1-D6F3-4E17-B704-4BAF6131FB37}.Release|x86.ActiveCfg = Release|Any CPU
		{B8684CE1-D6F3-4E17-B704-4BAF6131FB37}.Release|x86.Build.0 = Release|Any CPU
		{5DF7F58A-A728-4D64-A28C-00492AFF7743}.Debug|Any CPU.ActiveCfg = Debug|Any CPU
		{5DF7F58A-A728-4D64-A28C-00492AFF7743}.Debug|Any CPU.Build.0 = Debug|Any CPU
		{5DF7F58A-A728-4D64-A28C-00492AFF7743}.Debug|x64.ActiveCfg = Debug|Any CPU
		{5DF7F58A-A728-4D64-A28C-00492AFF7743}.Debug|x64.Build.0 = Debug|Any CPU
		{5DF7F58A-A728-4D64-A28C-00492AFF7743}.Debug|x86.ActiveCfg = Debug|Any CPU
		{5DF7F58A-A728-4D64-A28C-00492AFF7743}.Debug|x86.Build.0 = Debug|Any CPU
		{5DF7F58A-A728-4D64-A28C-00492AFF7743}.Release|Any CPU.ActiveCfg = Release|Any CPU
		{5DF7F58A-A728-4D64-A28C-00492AFF7743}.Release|Any CPU.Build.0 = Release|Any CPU
		{5DF7F58A-A728-4D64-A28C-00492AFF7743}.Release|x64.ActiveCfg = Release|Any CPU
		{5DF7F58A-A728-4D64-A28C-00492AFF7743}.Release|x64.Build.0 = Release|Any CPU
		{5DF7F58A-A728-4D64-A28C-00492AFF7743}.Release|x86.ActiveCfg = Release|Any CPU
		{5DF7F58A-A728-4D64-A28C-00492AFF7743}.Release|x86.Build.0 = Release|Any CPU
		{F0EFD994-D54A-40DC-80C1-7C50B290172F}.Debug|Any CPU.ActiveCfg = Debug|Any CPU
		{F0EFD994-D54A-40DC-80C1-7C50B290172F}.Debug|Any CPU.Build.0 = Debug|Any CPU
		{F0EFD994-D54A-40DC-80C1-7C50B290172F}.Debug|x64.ActiveCfg = Debug|Any CPU
		{F0EFD994-D54A-40DC-80C1-7C50B290172F}.Debug|x64.Build.0 = Debug|Any CPU
		{F0EFD994-D54A-40DC-80C1-7C50B290172F}.Debug|x86.ActiveCfg = Debug|Any CPU
		{F0EFD994-D54A-40DC-80C1-7C50B290172F}.Debug|x86.Build.0 = Debug|Any CPU
		{F0EFD994-D54A-40DC-80C1-7C50B290172F}.Release|Any CPU.ActiveCfg = Release|Any CPU
		{F0EFD994-D54A-40DC-80C1-7C50B290172F}.Release|Any CPU.Build.0 = Release|Any CPU
		{F0EFD994-D54A-40DC-80C1-7C50B290172F}.Release|x64.ActiveCfg = Release|Any CPU
		{F0EFD994-D54A-40DC-80C1-7C50B290172F}.Release|x64.Build.0 = Release|Any CPU
		{F0EFD994-D54A-40DC-80C1-7C50B290172F}.Release|x86.ActiveCfg = Release|Any CPU
		{F0EFD994-D54A-40DC-80C1-7C50B290172F}.Release|x86.Build.0 = Release|Any CPU
		{901F299B-7C93-4813-9563-51C337C0E0D9}.Debug|Any CPU.ActiveCfg = Debug|Any CPU
		{901F299B-7C93-4813-9563-51C337C0E0D9}.Debug|Any CPU.Build.0 = Debug|Any CPU
		{901F299B-7C93-4813-9563-51C337C0E0D9}.Debug|x64.ActiveCfg = Debug|Any CPU
		{901F299B-7C93-4813-9563-51C337C0E0D9}.Debug|x64.Build.0 = Debug|Any CPU
		{901F299B-7C93-4813-9563-51C337C0E0D9}.Debug|x86.ActiveCfg = Debug|Any CPU
		{901F299B-7C93-4813-9563-51C337C0E0D9}.Debug|x86.Build.0 = Debug|Any CPU
		{901F299B-7C93-4813-9563-51C337C0E0D9}.Release|Any CPU.ActiveCfg = Release|Any CPU
		{901F299B-7C93-4813-9563-51C337C0E0D9}.Release|Any CPU.Build.0 = Release|Any CPU
		{901F299B-7C93-4813-9563-51C337C0E0D9}.Release|x64.ActiveCfg = Release|Any CPU
		{901F299B-7C93-4813-9563-51C337C0E0D9}.Release|x64.Build.0 = Release|Any CPU
		{901F299B-7C93-4813-9563-51C337C0E0D9}.Release|x86.ActiveCfg = Release|Any CPU
		{901F299B-7C93-4813-9563-51C337C0E0D9}.Release|x86.Build.0 = Release|Any CPU
		{C909A515-76B2-440C-9851-6D6E2283E636}.Debug|Any CPU.ActiveCfg = Debug|Any CPU
		{C909A515-76B2-440C-9851-6D6E2283E636}.Debug|Any CPU.Build.0 = Debug|Any CPU
		{C909A515-76B2-440C-9851-6D6E2283E636}.Debug|x64.ActiveCfg = Debug|Any CPU
		{C909A515-76B2-440C-9851-6D6E2283E636}.Debug|x64.Build.0 = Debug|Any CPU
		{C909A515-76B2-440C-9851-6D6E2283E636}.Debug|x86.ActiveCfg = Debug|Any CPU
		{C909A515-76B2-440C-9851-6D6E2283E636}.Debug|x86.Build.0 = Debug|Any CPU
		{C909A515-76B2-440C-9851-6D6E2283E636}.Release|Any CPU.ActiveCfg = Release|Any CPU
		{C909A515-76B2-440C-9851-6D6E2283E636}.Release|Any CPU.Build.0 = Release|Any CPU
		{C909A515-76B2-440C-9851-6D6E2283E636}.Release|x64.ActiveCfg = Release|Any CPU
		{C909A515-76B2-440C-9851-6D6E2283E636}.Release|x64.Build.0 = Release|Any CPU
		{C909A515-76B2-440C-9851-6D6E2283E636}.Release|x86.ActiveCfg = Release|Any CPU
		{C909A515-76B2-440C-9851-6D6E2283E636}.Release|x86.Build.0 = Release|Any CPU
		{7EBBC8D1-67AE-4F4F-8129-EE7416F467B8}.Debug|Any CPU.ActiveCfg = Debug|Any CPU
		{7EBBC8D1-67AE-4F4F-8129-EE7416F467B8}.Debug|Any CPU.Build.0 = Debug|Any CPU
		{7EBBC8D1-67AE-4F4F-8129-EE7416F467B8}.Debug|x64.ActiveCfg = Debug|Any CPU
		{7EBBC8D1-67AE-4F4F-8129-EE7416F467B8}.Debug|x64.Build.0 = Debug|Any CPU
		{7EBBC8D1-67AE-4F4F-8129-EE7416F467B8}.Debug|x86.ActiveCfg = Debug|Any CPU
		{7EBBC8D1-67AE-4F4F-8129-EE7416F467B8}.Debug|x86.Build.0 = Debug|Any CPU
		{7EBBC8D1-67AE-4F4F-8129-EE7416F467B8}.Release|Any CPU.ActiveCfg = Release|Any CPU
		{7EBBC8D1-67AE-4F4F-8129-EE7416F467B8}.Release|Any CPU.Build.0 = Release|Any CPU
		{7EBBC8D1-67AE-4F4F-8129-EE7416F467B8}.Release|x64.ActiveCfg = Release|Any CPU
		{7EBBC8D1-67AE-4F4F-8129-EE7416F467B8}.Release|x64.Build.0 = Release|Any CPU
		{7EBBC8D1-67AE-4F4F-8129-EE7416F467B8}.Release|x86.ActiveCfg = Release|Any CPU
		{7EBBC8D1-67AE-4F4F-8129-EE7416F467B8}.Release|x86.Build.0 = Release|Any CPU
		{EB9B888D-7B2B-4A9C-9C0A-2C8A45AC6562}.Debug|Any CPU.ActiveCfg = Debug|Any CPU
		{EB9B888D-7B2B-4A9C-9C0A-2C8A45AC6562}.Debug|Any CPU.Build.0 = Debug|Any CPU
		{EB9B888D-7B2B-4A9C-9C0A-2C8A45AC6562}.Debug|x64.ActiveCfg = Debug|Any CPU
		{EB9B888D-7B2B-4A9C-9C0A-2C8A45AC6562}.Debug|x64.Build.0 = Debug|Any CPU
		{EB9B888D-7B2B-4A9C-9C0A-2C8A45AC6562}.Debug|x86.ActiveCfg = Debug|Any CPU
		{EB9B888D-7B2B-4A9C-9C0A-2C8A45AC6562}.Debug|x86.Build.0 = Debug|Any CPU
		{EB9B888D-7B2B-4A9C-9C0A-2C8A45AC6562}.Release|Any CPU.ActiveCfg = Release|Any CPU
		{EB9B888D-7B2B-4A9C-9C0A-2C8A45AC6562}.Release|Any CPU.Build.0 = Release|Any CPU
		{EB9B888D-7B2B-4A9C-9C0A-2C8A45AC6562}.Release|x64.ActiveCfg = Release|Any CPU
		{EB9B888D-7B2B-4A9C-9C0A-2C8A45AC6562}.Release|x64.Build.0 = Release|Any CPU
		{EB9B888D-7B2B-4A9C-9C0A-2C8A45AC6562}.Release|x86.ActiveCfg = Release|Any CPU
		{EB9B888D-7B2B-4A9C-9C0A-2C8A45AC6562}.Release|x86.Build.0 = Release|Any CPU
		{9A99560B-D1EC-49FF-88C8-E5C8A4656053}.Debug|Any CPU.ActiveCfg = Debug|Any CPU
		{9A99560B-D1EC-49FF-88C8-E5C8A4656053}.Debug|Any CPU.Build.0 = Debug|Any CPU
		{9A99560B-D1EC-49FF-88C8-E5C8A4656053}.Debug|x64.ActiveCfg = Debug|Any CPU
		{9A99560B-D1EC-49FF-88C8-E5C8A4656053}.Debug|x64.Build.0 = Debug|Any CPU
		{9A99560B-D1EC-49FF-88C8-E5C8A4656053}.Debug|x86.ActiveCfg = Debug|Any CPU
		{9A99560B-D1EC-49FF-88C8-E5C8A4656053}.Debug|x86.Build.0 = Debug|Any CPU
		{9A99560B-D1EC-49FF-88C8-E5C8A4656053}.Release|Any CPU.ActiveCfg = Release|Any CPU
		{9A99560B-D1EC-49FF-88C8-E5C8A4656053}.Release|Any CPU.Build.0 = Release|Any CPU
		{9A99560B-D1EC-49FF-88C8-E5C8A4656053}.Release|x64.ActiveCfg = Release|Any CPU
		{9A99560B-D1EC-49FF-88C8-E5C8A4656053}.Release|x64.Build.0 = Release|Any CPU
		{9A99560B-D1EC-49FF-88C8-E5C8A4656053}.Release|x86.ActiveCfg = Release|Any CPU
		{9A99560B-D1EC-49FF-88C8-E5C8A4656053}.Release|x86.Build.0 = Release|Any CPU
		{8149F250-F0AE-45D2-A93C-433CB4A380D9}.Debug|Any CPU.ActiveCfg = Debug|Any CPU
		{8149F250-F0AE-45D2-A93C-433CB4A380D9}.Debug|Any CPU.Build.0 = Debug|Any CPU
		{8149F250-F0AE-45D2-A93C-433CB4A380D9}.Debug|x64.ActiveCfg = Debug|Any CPU
		{8149F250-F0AE-45D2-A93C-433CB4A380D9}.Debug|x64.Build.0 = Debug|Any CPU
		{8149F250-F0AE-45D2-A93C-433CB4A380D9}.Debug|x86.ActiveCfg = Debug|Any CPU
		{8149F250-F0AE-45D2-A93C-433CB4A380D9}.Debug|x86.Build.0 = Debug|Any CPU
		{8149F250-F0AE-45D2-A93C-433CB4A380D9}.Release|Any CPU.ActiveCfg = Release|Any CPU
		{8149F250-F0AE-45D2-A93C-433CB4A380D9}.Release|Any CPU.Build.0 = Release|Any CPU
		{8149F250-F0AE-45D2-A93C-433CB4A380D9}.Release|x64.ActiveCfg = Release|Any CPU
		{8149F250-F0AE-45D2-A93C-433CB4A380D9}.Release|x64.Build.0 = Release|Any CPU
		{8149F250-F0AE-45D2-A93C-433CB4A380D9}.Release|x86.ActiveCfg = Release|Any CPU
		{8149F250-F0AE-45D2-A93C-433CB4A380D9}.Release|x86.Build.0 = Release|Any CPU
		{CB8C4CC2-E51F-4330-A9DE-ABBE509CA3DB}.Debug|Any CPU.ActiveCfg = Debug|Any CPU
		{CB8C4CC2-E51F-4330-A9DE-ABBE509CA3DB}.Debug|Any CPU.Build.0 = Debug|Any CPU
		{CB8C4CC2-E51F-4330-A9DE-ABBE509CA3DB}.Debug|x64.ActiveCfg = Debug|Any CPU
		{CB8C4CC2-E51F-4330-A9DE-ABBE509CA3DB}.Debug|x64.Build.0 = Debug|Any CPU
		{CB8C4CC2-E51F-4330-A9DE-ABBE509CA3DB}.Debug|x86.ActiveCfg = Debug|Any CPU
		{CB8C4CC2-E51F-4330-A9DE-ABBE509CA3DB}.Debug|x86.Build.0 = Debug|Any CPU
		{CB8C4CC2-E51F-4330-A9DE-ABBE509CA3DB}.Release|Any CPU.ActiveCfg = Release|Any CPU
		{CB8C4CC2-E51F-4330-A9DE-ABBE509CA3DB}.Release|Any CPU.Build.0 = Release|Any CPU
		{CB8C4CC2-E51F-4330-A9DE-ABBE509CA3DB}.Release|x64.ActiveCfg = Release|Any CPU
		{CB8C4CC2-E51F-4330-A9DE-ABBE509CA3DB}.Release|x64.Build.0 = Release|Any CPU
		{CB8C4CC2-E51F-4330-A9DE-ABBE509CA3DB}.Release|x86.ActiveCfg = Release|Any CPU
		{CB8C4CC2-E51F-4330-A9DE-ABBE509CA3DB}.Release|x86.Build.0 = Release|Any CPU
		{EACE0215-8D33-40B0-AA0A-F4F3A9DA2628}.Debug|Any CPU.ActiveCfg = Debug|Any CPU
		{EACE0215-8D33-40B0-AA0A-F4F3A9DA2628}.Debug|Any CPU.Build.0 = Debug|Any CPU
		{EACE0215-8D33-40B0-AA0A-F4F3A9DA2628}.Debug|x64.ActiveCfg = Debug|Any CPU
		{EACE0215-8D33-40B0-AA0A-F4F3A9DA2628}.Debug|x64.Build.0 = Debug|Any CPU
		{EACE0215-8D33-40B0-AA0A-F4F3A9DA2628}.Debug|x86.ActiveCfg = Debug|Any CPU
		{EACE0215-8D33-40B0-AA0A-F4F3A9DA2628}.Debug|x86.Build.0 = Debug|Any CPU
		{EACE0215-8D33-40B0-AA0A-F4F3A9DA2628}.Release|Any CPU.ActiveCfg = Release|Any CPU
		{EACE0215-8D33-40B0-AA0A-F4F3A9DA2628}.Release|Any CPU.Build.0 = Release|Any CPU
		{EACE0215-8D33-40B0-AA0A-F4F3A9DA2628}.Release|x64.ActiveCfg = Release|Any CPU
		{EACE0215-8D33-40B0-AA0A-F4F3A9DA2628}.Release|x64.Build.0 = Release|Any CPU
		{EACE0215-8D33-40B0-AA0A-F4F3A9DA2628}.Release|x86.ActiveCfg = Release|Any CPU
		{EACE0215-8D33-40B0-AA0A-F4F3A9DA2628}.Release|x86.Build.0 = Release|Any CPU
	EndGlobalSection
EndGlobal
